
Microsoft Visual Studio Solution File, Format Version 12.00
# Visual Studio Version 16
VisualStudioVersion = 16.0.35425.106
MinimumVisualStudioVersion = 10.0.40219.1
Project("{FAE04EC0-301F-11D3-BF4B-00C04F79EFBC}") = "CheckersGameLogic", "CheckersGameLogic\CheckersGameLogic.csproj", "{98E0176D-91B5-4C59-9BFE-623545AF74B7}"
EndProject
Project("{FAE04EC0-301F-11D3-BF4B-00C04F79EFBC}") = "CheckersUI", "CheckersUI\CheckersUI.csproj", "{94F90581-DD0E-46AF-BC3A-02CFEFCD5FF2}"
EndProject
Global
	GlobalSection(SolutionConfigurationPlatforms) = preSolution
		Debug|Any CPU = Debug|Any CPU
		Release|Any CPU = Release|Any CPU
	EndGlobalSection
	GlobalSection(ProjectConfigurationPlatforms) = postSolution
		{98E0176D-91B5-4C59-9BFE-623545AF74B7}.Debug|Any CPU.ActiveCfg = Debug|Any CPU
		{98E0176D-91B5-4C59-9BFE-623545AF74B7}.Debug|Any CPU.Build.0 = Debug|Any CPU
		{98E0176D-91B5-4C59-9BFE-623545AF74B7}.Release|Any CPU.ActiveCfg = Release|Any CPU
		{98E0176D-91B5-4C59-9BFE-623545AF74B7}.Release|Any CPU.Build.0 = Release|Any CPU
		{94F90581-DD0E-46AF-BC3A-02CFEFCD5FF2}.Debug|Any CPU.ActiveCfg = Debug|Any CPU
		{94F90581-DD0E-46AF-BC3A-02CFEFCD5FF2}.Debug|Any CPU.Build.0 = Debug|Any CPU
		{94F90581-DD0E-46AF-BC3A-02CFEFCD5FF2}.Release|Any CPU.ActiveCfg = Release|Any CPU
		{94F90581-DD0E-46AF-BC3A-02CFEFCD5FF2}.Release|Any CPU.Build.0 = Release|Any CPU
	EndGlobalSection
	GlobalSection(SolutionProperties) = preSolution
		HideSolutionNode = FALSE
	EndGlobalSection
	GlobalSection(ExtensibilityGlobals) = postSolution
		SolutionGuid = {AE2BECA6-EF1D-4F25-AC0D-FF1890984CD5}
	EndGlobalSection
EndGlobal
